// !$*UTF8*$!
{
	archiveVersion = 1;
	classes = {
	};
	objectVersion = 56;
	objects = {

/* Begin PBXBuildFile section */
		03881CE4D87C557C1EB9E014 /* AdvancedSearchViewModel.swift in Sources */ = {isa = PBXBuildFile; fileRef = F39C818B4245DD52B539CDB9 /* AdvancedSearchViewModel.swift */; };
		127FCD453E5E16F7CBBE3ED0 /* SplashView.swift in Sources */ = {isa = PBXBuildFile; fileRef = B04D76F13AF42C97C3BE08E0 /* SplashView.swift */; };
		135E1ACBD3D41B016EEB73D0 /* IngredientScraperService.swift in Sources */ = {isa = PBXBuildFile; fileRef = 68FECA8A6B1BDA9015F11EAE /* IngredientScraperService.swift */; };
		30252FA513A589765AC98425 /* AppInitializer.swift in Sources */ = {isa = PBXBuildFile; fileRef = 0D9F6A7FD304CE13023B1750 /* AppInitializer.swift */; };
		3DE10D00CAA03C961EB5C7C0 /* PetScansLogo.swift in Sources */ = {isa = PBXBuildFile; fileRef = CA61927221DB7E4DC9CABFBC /* PetScansLogo.swift */; };
		5513270F12EF77C8F5AE5252 /* ProcessingBadgeView.swift in Sources */ = {isa = PBXBuildFile; fileRef = 472BC2B6F7A2F27042E0A689 /* ProcessingBadgeView.swift */; };
		577C264FAA1448E6986DFF9F /* ProcessingSummaryCard.swift in Sources */ = {isa = PBXBuildFile; fileRef = 343C291F67136C43ACA59482 /* ProcessingSummaryCard.swift */; };
		602C8D20121221F8B4A8A614 /* IngredientScraperServiceProtocol.swift in Sources */ = {isa = PBXBuildFile; fileRef = D1B6314475AA1631DFEE9D9F /* IngredientScraperServiceProtocol.swift */; };
		625089878FA30798B6F88822 /* ProcessingLevel.swift in Sources */ = {isa = PBXBuildFile; fileRef = A2209611D0D07D48930074C0 /* ProcessingLevel.swift */; };
		6352AA7AD2193845951DF7A2 /* ProcessingInfoSheet.swift in Sources */ = {isa = PBXBuildFile; fileRef = D28D8AF851F5F7D681F2FE81 /* ProcessingInfoSheet.swift */; };
		6352AA7AD2193845951DF7A3 /* IngredientDetailSheet.swift in Sources */ = {isa = PBXBuildFile; fileRef = D28D8AF851F5F7D681F2FE82 /* IngredientDetailSheet.swift */; };
		77485F1DFC27DCA0754D0928 /* UPCitemdbService.swift in Sources */ = {isa = PBXBuildFile; fileRef = 300738C9929108D43A916B95 /* UPCitemdbService.swift */; };
		7ECD2AA005CFB67C760EB07F /* CommonAllergens.swift in Sources */ = {isa = PBXBuildFile; fileRef = 27ECB2A3B631701DF08EE70E /* CommonAllergens.swift */; };
		9BE771BD76178F15D9DB6474 /* AnimationTokens.swift in Sources */ = {isa = PBXBuildFile; fileRef = 293D87520CE50242DDCC5B5B /* AnimationTokens.swift */; };
		A1000001 /* PetScansApp.swift in Sources */ = {isa = PBXBuildFile; fileRef = A2000001 /* PetScansApp.swift */; };
		A1000002 /* ContentView.swift in Sources */ = {isa = PBXBuildFile; fileRef = A2000002 /* ContentView.swift */; };
		A1000003 /* Species.swift in Sources */ = {isa = PBXBuildFile; fileRef = A2000003 /* Species.swift */; };
		A1000004 /* Category.swift in Sources */ = {isa = PBXBuildFile; fileRef = A2000004 /* Category.swift */; };
		A1000005 /* RuleSeverity.swift in Sources */ = {isa = PBXBuildFile; fileRef = A2000005 /* RuleSeverity.swift */; };
		A1000006 /* Ingredient.swift in Sources */ = {isa = PBXBuildFile; fileRef = A2000006 /* Ingredient.swift */; };
		A1000007 /* Rule.swift in Sources */ = {isa = PBXBuildFile; fileRef = A2000007 /* Rule.swift */; };
		A1000008 /* MatchedIngredient.swift in Sources */ = {isa = PBXBuildFile; fileRef = A2000008 /* MatchedIngredient.swift */; };
		A1000009 /* ScoreBreakdown.swift in Sources */ = {isa = PBXBuildFile; fileRef = A2000009 /* ScoreBreakdown.swift */; };
		A1000010 /* ProductInfo.swift in Sources */ = {isa = PBXBuildFile; fileRef = A2000010 /* ProductInfo.swift */; };
		A1000011 /* Scan.swift in Sources */ = {isa = PBXBuildFile; fileRef = A2000011 /* Scan.swift */; };
		A1000012 /* IngredientDatabase.swift in Sources */ = {isa = PBXBuildFile; fileRef = A2000012 /* IngredientDatabase.swift */; };
		A1000013 /* IngredientMatcher.swift in Sources */ = {isa = PBXBuildFile; fileRef = A2000013 /* IngredientMatcher.swift */; };
		A1000014 /* ScoreCalculator.swift in Sources */ = {isa = PBXBuildFile; fileRef = A2000014 /* ScoreCalculator.swift */; };
		A1000015 /* PetFoodAPIService.swift in Sources */ = {isa = PBXBuildFile; fileRef = A2000015 /* PetFoodAPIService.swift */; };
		A1000017 /* ScannerView.swift in Sources */ = {isa = PBXBuildFile; fileRef = A2000017 /* ScannerView.swift */; };
		A1000018 /* BarcodeScannerView.swift in Sources */ = {isa = PBXBuildFile; fileRef = A2000018 /* BarcodeScannerView.swift */; };
		A1000020 /* SpeciesCategoryPicker.swift in Sources */ = {isa = PBXBuildFile; fileRef = A2000020 /* SpeciesCategoryPicker.swift */; };
		A1000022 /* HistoryView.swift in Sources */ = {isa = PBXBuildFile; fileRef = A2000022 /* HistoryView.swift */; };
		A1000023 /* ScanRowView.swift in Sources */ = {isa = PBXBuildFile; fileRef = A2000023 /* ScanRowView.swift */; };
		A1000024 /* FilterChipsView.swift in Sources */ = {isa = PBXBuildFile; fileRef = A2000024 /* FilterChipsView.swift */; };
		A1000026 /* ScoreCircleView.swift in Sources */ = {isa = PBXBuildFile; fileRef = A2000026 /* ScoreCircleView.swift */; };
		A1000027 /* ScoreBarView.swift in Sources */ = {isa = PBXBuildFile; fileRef = A2000027 /* ScoreBarView.swift */; };
		A1000028 /* WarningFlagView.swift in Sources */ = {isa = PBXBuildFile; fileRef = A2000028 /* WarningFlagView.swift */; };
		A1000029 /* ingredients.json in Resources */ = {isa = PBXBuildFile; fileRef = A2000029 /* ingredients.json */; };
		A1000030 /* rules.json in Resources */ = {isa = PBXBuildFile; fileRef = A2000030 /* rules.json */; };
		A1000031 /* synonyms.json in Resources */ = {isa = PBXBuildFile; fileRef = A2000031 /* synonyms.json */; };
		A1000032 /* ScannerViewModel.swift in Sources */ = {isa = PBXBuildFile; fileRef = A2000033 /* ScannerViewModel.swift */; };
		A1000033 /* HistoryViewModel.swift in Sources */ = {isa = PBXBuildFile; fileRef = A2000034 /* HistoryViewModel.swift */; };
		A1000034 /* PetFoodAPIServiceProtocol.swift in Sources */ = {isa = PBXBuildFile; fileRef = A2000035 /* PetFoodAPIServiceProtocol.swift */; };
		A1000035 /* NetworkErrorView.swift in Sources */ = {isa = PBXBuildFile; fileRef = A2000036 /* NetworkErrorView.swift */; };
		A1000036 /* SettingsView.swift in Sources */ = {isa = PBXBuildFile; fileRef = A2000037 /* SettingsView.swift */; };
		A1000038 /* ScoreBreakdown+ShareText.swift in Sources */ = {isa = PBXBuildFile; fileRef = A2000039 /* ScoreBreakdown+ShareText.swift */; };
		A236BB49FA9CD3337048CA45 /* AdvancedSearchView.swift in Sources */ = {isa = PBXBuildFile; fileRef = A9D45279D1D5F96EB18B555E /* AdvancedSearchView.swift */; };
		C1B8BBE32C4CBB75D4652D99 /* UPCitemdbServiceProtocol.swift in Sources */ = {isa = PBXBuildFile; fileRef = E21C06A6EE95EB77A457E3AB /* UPCitemdbServiceProtocol.swift */; };
		E5FBC824066D6BB9AE571E70 /* AdvancedSearchProgressView.swift in Sources */ = {isa = PBXBuildFile; fileRef = 9184FDAA2F6D13E0D5BE3854 /* AdvancedSearchProgressView.swift */; };
		F79CB17B2F12E9B9007B2E84 /* UnwrangleService.swift in Sources */ = {isa = PBXBuildFile; fileRef = F79CB17A2F12E9B9007B2E84 /* UnwrangleService.swift */; };
		F79CB17C2F12E9B9007B2E84 /* SerperService.swift in Sources */ = {isa = PBXBuildFile; fileRef = F79CB1792F12E9B9007B2E84 /* SerperService.swift */; };
		F79CB17D2F12E9B9007B2E84 /* APIKeys.swift in Sources */ = {isa = PBXBuildFile; fileRef = F79CB1782F12E9B9007B2E84 /* APIKeys.swift */; };
		F79CB1802F12E9CA007B2E84 /* UnwrangleServiceProtocol.swift in Sources */ = {isa = PBXBuildFile; fileRef = F79CB17F2F12E9CA007B2E84 /* UnwrangleServiceProtocol.swift */; };
		F79CB1812F12E9CA007B2E84 /* SerperServiceProtocol.swift in Sources */ = {isa = PBXBuildFile; fileRef = F79CB17E2F12E9CA007B2E84 /* SerperServiceProtocol.swift */; };
		F79CB1842F13000000000001 /* FirecrawlService.swift in Sources */ = {isa = PBXBuildFile; fileRef = F79CB1822F13000000000001 /* FirecrawlService.swift */; };
		F79CB1852F13000000000002 /* FirecrawlServiceProtocol.swift in Sources */ = {isa = PBXBuildFile; fileRef = F79CB1832F13000000000002 /* FirecrawlServiceProtocol.swift */; };
		F7A9FEF52F05BDE0000623DA /* GRDB in Frameworks */ = {isa = PBXBuildFile; productRef = F7A9FEF42F05BDE0000623DA /* GRDB */; };
		F7AAB0012F0A000000000001 /* AllergenAlertBanner.swift in Sources */ = {isa = PBXBuildFile; fileRef = F7AAB0002F0A000000000001 /* AllergenAlertBanner.swift */; };
		F7D834FF2F05E6C100414B32 /* OCRService.swift in Sources */ = {isa = PBXBuildFile; fileRef = F7D834FE2F05E6C100414B32 /* OCRService.swift */; };
		F7D835012F05E6D400414B32 /* OCRServiceProtocol.swift in Sources */ = {isa = PBXBuildFile; fileRef = F7D835002F05E6D400414B32 /* OCRServiceProtocol.swift */; };
		F7D835032F05E6F000414B32 /* ProductNotFoundView.swift in Sources */ = {isa = PBXBuildFile; fileRef = F7D835022F05E6F000414B32 /* ProductNotFoundView.swift */; };
		F7D835052F05E6F900414B32 /* IngredientCameraView.swift in Sources */ = {isa = PBXBuildFile; fileRef = F7D835042F05E6F900414B32 /* IngredientCameraView.swift */; };
		F7D835072F05E70600414B32 /* OCRProcessingView.swift in Sources */ = {isa = PBXBuildFile; fileRef = F7D835062F05E70600414B32 /* OCRProcessingView.swift */; };
		F7D8350A2F06C88B00414B32 /* IngredientSelectionView.swift in Sources */ = {isa = PBXBuildFile; fileRef = F7D835092F06C88B00414B32 /* IngredientSelectionView.swift */; };
		F7D8350B2F06C88B00414B32 /* IngredientRowView.swift in Sources */ = {isa = PBXBuildFile; fileRef = F7D835082F06C88B00414B32 /* IngredientRowView.swift */; };
		F7D8350D2F06DAED00414B32 /* ReferencesView.swift in Sources */ = {isa = PBXBuildFile; fileRef = F7D8350C2F06DAED00414B32 /* ReferencesView.swift */; };
		F7D8350F2F06EBD700414B32 /* Pet.swift in Sources */ = {isa = PBXBuildFile; fileRef = F7D8350E2F06EBD700414B32 /* Pet.swift */; };
		F7D835112F06EBEC00414B32 /* PetMigrationService.swift in Sources */ = {isa = PBXBuildFile; fileRef = F7D835102F06EBEC00414B32 /* PetMigrationService.swift */; };
		F7D835132F06EC0B00414B32 /* PetListView.swift in Sources */ = {isa = PBXBuildFile; fileRef = F7D835122F06EC0B00414B32 /* PetListView.swift */; };
		F7D835152F06EC1400414B32 /* PetRowView.swift in Sources */ = {isa = PBXBuildFile; fileRef = F7D835142F06EC1400414B32 /* PetRowView.swift */; };
		F7D835172F06EC2600414B32 /* PetDetailView.swift in Sources */ = {isa = PBXBuildFile; fileRef = F7D835162F06EC2600414B32 /* PetDetailView.swift */; };
		F7D8351A2F06EC3C00414B32 /* AddPetSheet.swift in Sources */ = {isa = PBXBuildFile; fileRef = F7D835192F06EC3C00414B32 /* AddPetSheet.swift */; };
		F7D8351B2F06EC3C00414B32 /* AddAllergenSheet.swift in Sources */ = {isa = PBXBuildFile; fileRef = F7D835182F06EC3C00414B32 /* AddAllergenSheet.swift */; };
		F7D8351D2F06EC5400414B32 /* PetSelectionRow.swift in Sources */ = {isa = PBXBuildFile; fileRef = F7D8351C2F06EC5400414B32 /* PetSelectionRow.swift */; };
		F7D835252F0720A200414B32 /* OnboardingView.swift in Sources */ = {isa = PBXBuildFile; fileRef = F7D835222F0720A200414B32 /* OnboardingView.swift */; };
		F7D835262F0720A200414B32 /* OnboardingPetSetupPage.swift in Sources */ = {isa = PBXBuildFile; fileRef = F7D835212F0720A200414B32 /* OnboardingPetSetupPage.swift */; };
		F7D835272F0720A200414B32 /* OnboardingWelcomePage.swift in Sources */ = {isa = PBXBuildFile; fileRef = F7D835232F0720A200414B32 /* OnboardingWelcomePage.swift */; };
		F7D835282F0720A200414B32 /* OnboardingBenefitsPage.swift in Sources */ = {isa = PBXBuildFile; fileRef = F7D835202F0720A200414B32 /* OnboardingBenefitsPage.swift */; };
		F7D8352C2F0724E300414B32 /* Assets.xcassets in Resources */ = {isa = PBXBuildFile; fileRef = F7D8352B2F0724E300414B32 /* Assets.xcassets */; };
		F7D8352F2F07461100414B32 /* ScoreExplanationCard.swift in Sources */ = {isa = PBXBuildFile; fileRef = F7D8352E2F07461100414B32 /* ScoreExplanationCard.swift */; };
		F7D835302F07461100414B32 /* RatingLabelView.swift in Sources */ = {isa = PBXBuildFile; fileRef = F7D8352D2F07461100414B32 /* RatingLabelView.swift */; };
		F7D835312F07470000414B32 /* ProductScoreView.swift in Sources */ = {isa = PBXBuildFile; fileRef = F7D835322F07470000414B32 /* ProductScoreView.swift */; };
		F7D835332F07470100414B32 /* SavedScanDetailView.swift in Sources */ = {isa = PBXBuildFile; fileRef = F7D835342F07470100414B32 /* SavedScanDetailView.swift */; };
		F7D835332F0846B800414B32 /* SuperwallKit in Frameworks */ = {isa = PBXBuildFile; productRef = F7D835322F0846B800414B32 /* SuperwallKit */; };
		F7D835352F089EAB00414B32 /* ScreenshotDataSeeder.swift in Sources */ = {isa = PBXBuildFile; fileRef = F7D835342F089EAB00414B32 /* ScreenshotDataSeeder.swift */; };
		F7D8353A2F0AFE3600414B32 /* PetFormView.swift in Sources */ = {isa = PBXBuildFile; fileRef = F7D835392F0AFE3600414B32 /* PetFormView.swift */; };
		F7D8353B2F0AFE3600414B32 /* IngredientSearchSheet.swift in Sources */ = {isa = PBXBuildFile; fileRef = F7D835382F0AFE3600414B32 /* IngredientSearchSheet.swift */; };
		F7D8353D2F0B394200414B32 /* View+Keyboard.swift in Sources */ = {isa = PBXBuildFile; fileRef = F7D8353C2F0B394200414B32 /* View+Keyboard.swift */; };
		F7F30C792F05AD71008389D8 /* ScanningReticleView.swift in Sources */ = {isa = PBXBuildFile; fileRef = F7F30C782F05AD71008389D8 /* ScanningReticleView.swift */; };
		F7F30C7B2F05B1D9008389D8 /* Quicksand.ttf in Resources */ = {isa = PBXBuildFile; fileRef = F7F30C7A2F05B1D9008389D8 /* Quicksand.ttf */; };
		F7F30C812F05B208008389D8 /* SpacingTokens.swift in Sources */ = {isa = PBXBuildFile; fileRef = F7F30C7E2F05B208008389D8 /* SpacingTokens.swift */; };
		F7F30C822F05B208008389D8 /* TypographyTokens.swift in Sources */ = {isa = PBXBuildFile; fileRef = F7F30C7F2F05B208008389D8 /* TypographyTokens.swift */; };
		F7F30C832F05B208008389D8 /* ComponentStyles.swift in Sources */ = {isa = PBXBuildFile; fileRef = F7F30C7D2F05B208008389D8 /* ComponentStyles.swift */; };
		F7F30C842F05B208008389D8 /* ColorTokens.swift in Sources */ = {isa = PBXBuildFile; fileRef = F7F30C7C2F05B208008389D8 /* ColorTokens.swift */; };
		F7F30C8B2F05B9F4008389D8 /* DatabaseProduct.swift in Sources */ = {isa = PBXBuildFile; fileRef = F7F30C8A2F05B9F4008389D8 /* DatabaseProduct.swift */; };
		F7F30C8F2F05BA88008389D8 /* LocalProductDatabase.swift in Sources */ = {isa = PBXBuildFile; fileRef = F7F30C8E2F05BA88008389D8 /* LocalProductDatabase.swift */; };
		F7F30C912F05BAA4008389D8 /* ProductCacheManager.swift in Sources */ = {isa = PBXBuildFile; fileRef = F7F30C902F05BAA4008389D8 /* ProductCacheManager.swift */; };
		F7F30C932F05BAC5008389D8 /* CacheSettingsView.swift in Sources */ = {isa = PBXBuildFile; fileRef = F7F30C922F05BAC5008389D8 /* CacheSettingsView.swift */; };
		F7NEW0012F08000000000001 /* String+Validation.swift in Sources */ = {isa = PBXBuildFile; fileRef = F7NEW0002F08000000000001 /* String+Validation.swift */; };
		F7NEW0032F08000000000002 /* Pet+Formatting.swift in Sources */ = {isa = PBXBuildFile; fileRef = F7NEW0022F08000000000002 /* Pet+Formatting.swift */; };
		F7NEW0052F08000000000003 /* EmptyStateView.swift in Sources */ = {isa = PBXBuildFile; fileRef = F7NEW0042F08000000000003 /* EmptyStateView.swift */; };
		F7NEW0072F08000000000004 /* ProductImageView.swift in Sources */ = {isa = PBXBuildFile; fileRef = F7NEW0062F08000000000004 /* ProductImageView.swift */; };
		F7NEW0092F08000000000005 /* PetIconView.swift in Sources */ = {isa = PBXBuildFile; fileRef = F7NEW0082F08000000000005 /* PetIconView.swift */; };
		F7OCR0012F09000000000001 /* OCRCameraView.swift in Sources */ = {isa = PBXBuildFile; fileRef = F7OCR0002F09000000000001 /* OCRCameraView.swift */; };
/* End PBXBuildFile section */

/* Begin PBXFileReference section */
		0D9F6A7FD304CE13023B1750 /* AppInitializer.swift */ = {isa = PBXFileReference; includeInIndex = 1; lastKnownFileType = sourcecode.swift; path = AppInitializer.swift; sourceTree = "<group>"; };
		27ECB2A3B631701DF08EE70E /* CommonAllergens.swift */ = {isa = PBXFileReference; includeInIndex = 1; lastKnownFileType = sourcecode.swift; path = CommonAllergens.swift; sourceTree = "<group>"; };
		293D87520CE50242DDCC5B5B /* AnimationTokens.swift */ = {isa = PBXFileReference; includeInIndex = 1; lastKnownFileType = sourcecode.swift; path = AnimationTokens.swift; sourceTree = "<group>"; };
		300738C9929108D43A916B95 /* UPCitemdbService.swift */ = {isa = PBXFileReference; includeInIndex = 1; lastKnownFileType = sourcecode.swift; path = UPCitemdbService.swift; sourceTree = "<group>"; };
		343C291F67136C43ACA59482 /* ProcessingSummaryCard.swift */ = {isa = PBXFileReference; lastKnownFileType = sourcecode.swift; path = ProcessingSummaryCard.swift; sourceTree = "<group>"; };
		472BC2B6F7A2F27042E0A689 /* ProcessingBadgeView.swift */ = {isa = PBXFileReference; lastKnownFileType = sourcecode.swift; path = ProcessingBadgeView.swift; sourceTree = "<group>"; };
		68FECA8A6B1BDA9015F11EAE /* IngredientScraperService.swift */ = {isa = PBXFileReference; includeInIndex = 1; lastKnownFileType = sourcecode.swift; path = IngredientScraperService.swift; sourceTree = "<group>"; };
		9184FDAA2F6D13E0D5BE3854 /* AdvancedSearchProgressView.swift */ = {isa = PBXFileReference; includeInIndex = 1; lastKnownFileType = sourcecode.swift; path = AdvancedSearchProgressView.swift; sourceTree = "<group>"; };
		A0000001 /* PetScans.app */ = {isa = PBXFileReference; explicitFileType = wrapper.application; includeInIndex = 0; path = PetScans.app; sourceTree = BUILT_PRODUCTS_DIR; };
		A2000001 /* PetScansApp.swift */ = {isa = PBXFileReference; lastKnownFileType = sourcecode.swift; path = PetScansApp.swift; sourceTree = "<group>"; };
		A2000002 /* ContentView.swift */ = {isa = PBXFileReference; lastKnownFileType = sourcecode.swift; path = ContentView.swift; sourceTree = "<group>"; };
		A2000003 /* Species.swift */ = {isa = PBXFileReference; lastKnownFileType = sourcecode.swift; path = Species.swift; sourceTree = "<group>"; };
		A2000004 /* Category.swift */ = {isa = PBXFileReference; lastKnownFileType = sourcecode.swift; path = Category.swift; sourceTree = "<group>"; };
		A2000005 /* RuleSeverity.swift */ = {isa = PBXFileReference; lastKnownFileType = sourcecode.swift; path = RuleSeverity.swift; sourceTree = "<group>"; };
		A2000006 /* Ingredient.swift */ = {isa = PBXFileReference; lastKnownFileType = sourcecode.swift; path = Ingredient.swift; sourceTree = "<group>"; };
		A2000007 /* Rule.swift */ = {isa = PBXFileReference; lastKnownFileType = sourcecode.swift; path = Rule.swift; sourceTree = "<group>"; };
		A2000008 /* MatchedIngredient.swift */ = {isa = PBXFileReference; lastKnownFileType = sourcecode.swift; path = MatchedIngredient.swift; sourceTree = "<group>"; };
		A2000009 /* ScoreBreakdown.swift */ = {isa = PBXFileReference; lastKnownFileType = sourcecode.swift; path = ScoreBreakdown.swift; sourceTree = "<group>"; };
		A2000010 /* ProductInfo.swift */ = {isa = PBXFileReference; lastKnownFileType = sourcecode.swift; path = ProductInfo.swift; sourceTree = "<group>"; };
		A2000011 /* Scan.swift */ = {isa = PBXFileReference; lastKnownFileType = sourcecode.swift; path = Scan.swift; sourceTree = "<group>"; };
		A2000012 /* IngredientDatabase.swift */ = {isa = PBXFileReference; lastKnownFileType = sourcecode.swift; path = IngredientDatabase.swift; sourceTree = "<group>"; };
		A2000013 /* IngredientMatcher.swift */ = {isa = PBXFileReference; lastKnownFileType = sourcecode.swift; path = IngredientMatcher.swift; sourceTree = "<group>"; };
		A2000014 /* ScoreCalculator.swift */ = {isa = PBXFileReference; lastKnownFileType = sourcecode.swift; path = ScoreCalculator.swift; sourceTree = "<group>"; };
		A2000015 /* PetFoodAPIService.swift */ = {isa = PBXFileReference; lastKnownFileType = sourcecode.swift; path = PetFoodAPIService.swift; sourceTree = "<group>"; };
		A2000017 /* ScannerView.swift */ = {isa = PBXFileReference; lastKnownFileType = sourcecode.swift; path = ScannerView.swift; sourceTree = "<group>"; };
		A2000018 /* BarcodeScannerView.swift */ = {isa = PBXFileReference; lastKnownFileType = sourcecode.swift; path = BarcodeScannerView.swift; sourceTree = "<group>"; };
		A2000020 /* SpeciesCategoryPicker.swift */ = {isa = PBXFileReference; lastKnownFileType = sourcecode.swift; path = SpeciesCategoryPicker.swift; sourceTree = "<group>"; };
		A2000022 /* HistoryView.swift */ = {isa = PBXFileReference; lastKnownFileType = sourcecode.swift; path = HistoryView.swift; sourceTree = "<group>"; };
		A2000023 /* ScanRowView.swift */ = {isa = PBXFileReference; lastKnownFileType = sourcecode.swift; path = ScanRowView.swift; sourceTree = "<group>"; };
		A2000024 /* FilterChipsView.swift */ = {isa = PBXFileReference; lastKnownFileType = sourcecode.swift; path = FilterChipsView.swift; sourceTree = "<group>"; };
		A2000026 /* ScoreCircleView.swift */ = {isa = PBXFileReference; lastKnownFileType = sourcecode.swift; path = ScoreCircleView.swift; sourceTree = "<group>"; };
		A2000027 /* ScoreBarView.swift */ = {isa = PBXFileReference; lastKnownFileType = sourcecode.swift; path = ScoreBarView.swift; sourceTree = "<group>"; };
		A2000028 /* WarningFlagView.swift */ = {isa = PBXFileReference; lastKnownFileType = sourcecode.swift; path = WarningFlagView.swift; sourceTree = "<group>"; };
		A2000029 /* ingredients.json */ = {isa = PBXFileReference; lastKnownFileType = text.json; path = ingredients.json; sourceTree = "<group>"; };
		A2000030 /* rules.json */ = {isa = PBXFileReference; lastKnownFileType = text.json; path = rules.json; sourceTree = "<group>"; };
		A2000031 /* synonyms.json */ = {isa = PBXFileReference; lastKnownFileType = text.json; path = synonyms.json; sourceTree = "<group>"; };
		A2000032 /* Info.plist */ = {isa = PBXFileReference; lastKnownFileType = text.plist.xml; path = Info.plist; sourceTree = "<group>"; };
		A2000033 /* ScannerViewModel.swift */ = {isa = PBXFileReference; lastKnownFileType = sourcecode.swift; path = ScannerViewModel.swift; sourceTree = "<group>"; };
		A2000034 /* HistoryViewModel.swift */ = {isa = PBXFileReference; lastKnownFileType = sourcecode.swift; path = HistoryViewModel.swift; sourceTree = "<group>"; };
		A2000035 /* PetFoodAPIServiceProtocol.swift */ = {isa = PBXFileReference; lastKnownFileType = sourcecode.swift; path = PetFoodAPIServiceProtocol.swift; sourceTree = "<group>"; };
		A2000036 /* NetworkErrorView.swift */ = {isa = PBXFileReference; lastKnownFileType = sourcecode.swift; path = NetworkErrorView.swift; sourceTree = "<group>"; };
		A2000037 /* SettingsView.swift */ = {isa = PBXFileReference; lastKnownFileType = sourcecode.swift; path = SettingsView.swift; sourceTree = "<group>"; };
		A2000039 /* ScoreBreakdown+ShareText.swift */ = {isa = PBXFileReference; lastKnownFileType = sourcecode.swift; path = "ScoreBreakdown+ShareText.swift"; sourceTree = "<group>"; };
		A2209611D0D07D48930074C0 /* ProcessingLevel.swift */ = {isa = PBXFileReference; lastKnownFileType = sourcecode.swift; path = ProcessingLevel.swift; sourceTree = "<group>"; };
		A9D45279D1D5F96EB18B555E /* AdvancedSearchView.swift */ = {isa = PBXFileReference; includeInIndex = 1; lastKnownFileType = sourcecode.swift; path = AdvancedSearchView.swift; sourceTree = "<group>"; };
		B04D76F13AF42C97C3BE08E0 /* SplashView.swift */ = {isa = PBXFileReference; includeInIndex = 1; lastKnownFileType = sourcecode.swift; path = SplashView.swift; sourceTree = "<group>"; };
		CA61927221DB7E4DC9CABFBC /* PetScansLogo.swift */ = {isa = PBXFileReference; includeInIndex = 1; lastKnownFileType = sourcecode.swift; path = PetScansLogo.swift; sourceTree = "<group>"; };
		D1B6314475AA1631DFEE9D9F /* IngredientScraperServiceProtocol.swift */ = {isa = PBXFileReference; includeInIndex = 1; lastKnownFileType = sourcecode.swift; path = IngredientScraperServiceProtocol.swift; sourceTree = "<group>"; };
		D28D8AF851F5F7D681F2FE81 /* ProcessingInfoSheet.swift */ = {isa = PBXFileReference; lastKnownFileType = sourcecode.swift; path = ProcessingInfoSheet.swift; sourceTree = "<group>"; };
		D28D8AF851F5F7D681F2FE82 /* IngredientDetailSheet.swift */ = {isa = PBXFileReference; lastKnownFileType = sourcecode.swift; path = IngredientDetailSheet.swift; sourceTree = "<group>"; };
		E21C06A6EE95EB77A457E3AB /* UPCitemdbServiceProtocol.swift */ = {isa = PBXFileReference; includeInIndex = 1; lastKnownFileType = sourcecode.swift; path = UPCitemdbServiceProtocol.swift; sourceTree = "<group>"; };
		F39C818B4245DD52B539CDB9 /* AdvancedSearchViewModel.swift */ = {isa = PBXFileReference; includeInIndex = 1; lastKnownFileType = sourcecode.swift; path = AdvancedSearchViewModel.swift; sourceTree = "<group>"; };
		F79CB1782F12E9B9007B2E84 /* APIKeys.swift */ = {isa = PBXFileReference; lastKnownFileType = sourcecode.swift; path = APIKeys.swift; sourceTree = "<group>"; };
		F79CB1792F12E9B9007B2E84 /* SerperService.swift */ = {isa = PBXFileReference; lastKnownFileType = sourcecode.swift; path = SerperService.swift; sourceTree = "<group>"; };
		F79CB17A2F12E9B9007B2E84 /* UnwrangleService.swift */ = {isa = PBXFileReference; lastKnownFileType = sourcecode.swift; path = UnwrangleService.swift; sourceTree = "<group>"; };
		F79CB17E2F12E9CA007B2E84 /* SerperServiceProtocol.swift */ = {isa = PBXFileReference; lastKnownFileType = sourcecode.swift; path = SerperServiceProtocol.swift; sourceTree = "<group>"; };
		F79CB17F2F12E9CA007B2E84 /* UnwrangleServiceProtocol.swift */ = {isa = PBXFileReference; lastKnownFileType = sourcecode.swift; path = UnwrangleServiceProtocol.swift; sourceTree = "<group>"; };
		F79CB1822F13000000000001 /* FirecrawlService.swift */ = {isa = PBXFileReference; lastKnownFileType = sourcecode.swift; path = FirecrawlService.swift; sourceTree = "<group>"; };
		F79CB1832F13000000000002 /* FirecrawlServiceProtocol.swift */ = {isa = PBXFileReference; lastKnownFileType = sourcecode.swift; path = FirecrawlServiceProtocol.swift; sourceTree = "<group>"; };
		F7AAB0002F0A000000000001 /* AllergenAlertBanner.swift */ = {isa = PBXFileReference; lastKnownFileType = sourcecode.swift; path = AllergenAlertBanner.swift; sourceTree = "<group>"; };
		F7D834FE2F05E6C100414B32 /* OCRService.swift */ = {isa = PBXFileReference; lastKnownFileType = sourcecode.swift; path = OCRService.swift; sourceTree = "<group>"; };
		F7D835002F05E6D400414B32 /* OCRServiceProtocol.swift */ = {isa = PBXFileReference; lastKnownFileType = sourcecode.swift; path = OCRServiceProtocol.swift; sourceTree = "<group>"; };
		F7D835022F05E6F000414B32 /* ProductNotFoundView.swift */ = {isa = PBXFileReference; lastKnownFileType = sourcecode.swift; path = ProductNotFoundView.swift; sourceTree = "<group>"; };
		F7D835042F05E6F900414B32 /* IngredientCameraView.swift */ = {isa = PBXFileReference; lastKnownFileType = sourcecode.swift; path = IngredientCameraView.swift; sourceTree = "<group>"; };
		F7D835062F05E70600414B32 /* OCRProcessingView.swift */ = {isa = PBXFileReference; lastKnownFileType = sourcecode.swift; path = OCRProcessingView.swift; sourceTree = "<group>"; };
		F7D835082F06C88B00414B32 /* IngredientRowView.swift */ = {isa = PBXFileReference; lastKnownFileType = sourcecode.swift; path = IngredientRowView.swift; sourceTree = "<group>"; };
		F7D835092F06C88B00414B32 /* IngredientSelectionView.swift */ = {isa = PBXFileReference; lastKnownFileType = sourcecode.swift; path = IngredientSelectionView.swift; sourceTree = "<group>"; };
		F7D8350C2F06DAED00414B32 /* ReferencesView.swift */ = {isa = PBXFileReference; lastKnownFileType = sourcecode.swift; path = ReferencesView.swift; sourceTree = "<group>"; };
		F7D8350E2F06EBD700414B32 /* Pet.swift */ = {isa = PBXFileReference; lastKnownFileType = sourcecode.swift; path = Pet.swift; sourceTree = "<group>"; };
		F7D835102F06EBEC00414B32 /* PetMigrationService.swift */ = {isa = PBXFileReference; lastKnownFileType = sourcecode.swift; path = PetMigrationService.swift; sourceTree = "<group>"; };
		F7D835122F06EC0B00414B32 /* PetListView.swift */ = {isa = PBXFileReference; lastKnownFileType = sourcecode.swift; path = PetListView.swift; sourceTree = "<group>"; };
		F7D835142F06EC1400414B32 /* PetRowView.swift */ = {isa = PBXFileReference; lastKnownFileType = sourcecode.swift; path = PetRowView.swift; sourceTree = "<group>"; };
		F7D835162F06EC2600414B32 /* PetDetailView.swift */ = {isa = PBXFileReference; lastKnownFileType = sourcecode.swift; path = PetDetailView.swift; sourceTree = "<group>"; };
		F7D835182F06EC3C00414B32 /* AddAllergenSheet.swift */ = {isa = PBXFileReference; lastKnownFileType = sourcecode.swift; path = AddAllergenSheet.swift; sourceTree = "<group>"; };
		F7D835192F06EC3C00414B32 /* AddPetSheet.swift */ = {isa = PBXFileReference; lastKnownFileType = sourcecode.swift; path = AddPetSheet.swift; sourceTree = "<group>"; };
		F7D8351C2F06EC5400414B32 /* PetSelectionRow.swift */ = {isa = PBXFileReference; lastKnownFileType = sourcecode.swift; path = PetSelectionRow.swift; sourceTree = "<group>"; };
		F7D835202F0720A200414B32 /* OnboardingBenefitsPage.swift */ = {isa = PBXFileReference; lastKnownFileType = sourcecode.swift; path = OnboardingBenefitsPage.swift; sourceTree = "<group>"; };
		F7D835212F0720A200414B32 /* OnboardingPetSetupPage.swift */ = {isa = PBXFileReference; lastKnownFileType = sourcecode.swift; path = OnboardingPetSetupPage.swift; sourceTree = "<group>"; };
		F7D835222F0720A200414B32 /* OnboardingView.swift */ = {isa = PBXFileReference; lastKnownFileType = sourcecode.swift; path = OnboardingView.swift; sourceTree = "<group>"; };
		F7D835232F0720A200414B32 /* OnboardingWelcomePage.swift */ = {isa = PBXFileReference; lastKnownFileType = sourcecode.swift; path = OnboardingWelcomePage.swift; sourceTree = "<group>"; };
		F7D8352B2F0724E300414B32 /* Assets.xcassets */ = {isa = PBXFileReference; lastKnownFileType = folder.assetcatalog; path = Assets.xcassets; sourceTree = "<group>"; };
		F7D8352D2F07461100414B32 /* RatingLabelView.swift */ = {isa = PBXFileReference; lastKnownFileType = sourcecode.swift; path = RatingLabelView.swift; sourceTree = "<group>"; };
		F7D8352E2F07461100414B32 /* ScoreExplanationCard.swift */ = {isa = PBXFileReference; lastKnownFileType = sourcecode.swift; path = ScoreExplanationCard.swift; sourceTree = "<group>"; };
		F7D835322F07470000414B32 /* ProductScoreView.swift */ = {isa = PBXFileReference; lastKnownFileType = sourcecode.swift; path = ProductScoreView.swift; sourceTree = "<group>"; };
		F7D835342F07470100414B32 /* SavedScanDetailView.swift */ = {isa = PBXFileReference; lastKnownFileType = sourcecode.swift; path = SavedScanDetailView.swift; sourceTree = "<group>"; };
		F7D835342F089EAB00414B32 /* ScreenshotDataSeeder.swift */ = {isa = PBXFileReference; lastKnownFileType = sourcecode.swift; path = ScreenshotDataSeeder.swift; sourceTree = "<group>"; };
		F7D835382F0AFE3600414B32 /* IngredientSearchSheet.swift */ = {isa = PBXFileReference; lastKnownFileType = sourcecode.swift; path = IngredientSearchSheet.swift; sourceTree = "<group>"; };
		F7D835392F0AFE3600414B32 /* PetFormView.swift */ = {isa = PBXFileReference; lastKnownFileType = sourcecode.swift; path = PetFormView.swift; sourceTree = "<group>"; };
		F7D8353C2F0B394200414B32 /* View+Keyboard.swift */ = {isa = PBXFileReference; lastKnownFileType = sourcecode.swift; path = "View+Keyboard.swift"; sourceTree = "<group>"; };
		F7F30C782F05AD71008389D8 /* ScanningReticleView.swift */ = {isa = PBXFileReference; lastKnownFileType = sourcecode.swift; path = ScanningReticleView.swift; sourceTree = "<group>"; };
		F7F30C7A2F05B1D9008389D8 /* Quicksand.ttf */ = {isa = PBXFileReference; lastKnownFileType = file; path = Quicksand.ttf; sourceTree = "<group>"; };
		F7F30C7C2F05B208008389D8 /* ColorTokens.swift */ = {isa = PBXFileReference; lastKnownFileType = sourcecode.swift; path = ColorTokens.swift; sourceTree = "<group>"; };
		F7F30C7D2F05B208008389D8 /* ComponentStyles.swift */ = {isa = PBXFileReference; lastKnownFileType = sourcecode.swift; path = ComponentStyles.swift; sourceTree = "<group>"; };
		F7F30C7E2F05B208008389D8 /* SpacingTokens.swift */ = {isa = PBXFileReference; lastKnownFileType = sourcecode.swift; path = SpacingTokens.swift; sourceTree = "<group>"; };
		F7F30C7F2F05B208008389D8 /* TypographyTokens.swift */ = {isa = PBXFileReference; lastKnownFileType = sourcecode.swift; path = TypographyTokens.swift; sourceTree = "<group>"; };
		F7F30C8A2F05B9F4008389D8 /* DatabaseProduct.swift */ = {isa = PBXFileReference; lastKnownFileType = sourcecode.swift; path = DatabaseProduct.swift; sourceTree = "<group>"; };
		F7F30C8E2F05BA88008389D8 /* LocalProductDatabase.swift */ = {isa = PBXFileReference; lastKnownFileType = sourcecode.swift; path = LocalProductDatabase.swift; sourceTree = "<group>"; };
		F7F30C902F05BAA4008389D8 /* ProductCacheManager.swift */ = {isa = PBXFileReference; lastKnownFileType = sourcecode.swift; path = ProductCacheManager.swift; sourceTree = "<group>"; };
		F7F30C922F05BAC5008389D8 /* CacheSettingsView.swift */ = {isa = PBXFileReference; lastKnownFileType = sourcecode.swift; path = CacheSettingsView.swift; sourceTree = "<group>"; };
		F7NEW0002F08000000000001 /* String+Validation.swift */ = {isa = PBXFileReference; lastKnownFileType = sourcecode.swift; path = "String+Validation.swift"; sourceTree = "<group>"; };
		F7NEW0022F08000000000002 /* Pet+Formatting.swift */ = {isa = PBXFileReference; lastKnownFileType = sourcecode.swift; path = "Pet+Formatting.swift"; sourceTree = "<group>"; };
		F7NEW0042F08000000000003 /* EmptyStateView.swift */ = {isa = PBXFileReference; lastKnownFileType = sourcecode.swift; path = EmptyStateView.swift; sourceTree = "<group>"; };
		F7NEW0062F08000000000004 /* ProductImageView.swift */ = {isa = PBXFileReference; lastKnownFileType = sourcecode.swift; path = ProductImageView.swift; sourceTree = "<group>"; };
		F7NEW0082F08000000000005 /* PetIconView.swift */ = {isa = PBXFileReference; lastKnownFileType = sourcecode.swift; path = PetIconView.swift; sourceTree = "<group>"; };
		F7OCR0002F09000000000001 /* OCRCameraView.swift */ = {isa = PBXFileReference; lastKnownFileType = sourcecode.swift; path = OCRCameraView.swift; sourceTree = "<group>"; };
/* End PBXFileReference section */

/* Begin PBXFrameworksBuildPhase section */
		A3000001 /* Frameworks */ = {
			isa = PBXFrameworksBuildPhase;
			buildActionMask = 2147483647;
			files = (
				F7A9FEF52F05BDE0000623DA /* GRDB in Frameworks */,
				F7D835332F0846B800414B32 /* SuperwallKit in Frameworks */,
			);
			runOnlyForDeploymentPostprocessing = 0;
		};
/* End PBXFrameworksBuildPhase section */

/* Begin PBXGroup section */
		A4000001 = {
			isa = PBXGroup;
			children = (
				A4000002 /* PetScans */,
				A4000003 /* Products */,
			);
			sourceTree = "<group>";
		};
		A4000002 /* PetScans */ = {
			isa = PBXGroup;
			children = (
				F7D8352B2F0724E300414B32 /* Assets.xcassets */,
				F7F30C802F05B208008389D8 /* DesignSystem */,
				F7F30C7A2F05B1D9008389D8 /* Quicksand.ttf */,
				A2000001 /* PetScansApp.swift */,
				A2000002 /* ContentView.swift */,
				A2000032 /* Info.plist */,
				A4000004 /* Models */,
				A4000005 /* Data */,
				A4000006 /* Services */,
				A4000011 /* ViewModels */,
				A4000007 /* Views */,
				F7NEW00A2F08000000000006 /* Extensions */,
			);
			path = PetScans;
			sourceTree = "<group>";
		};
		A4000003 /* Products */ = {
			isa = PBXGroup;
			children = (
				A0000001 /* PetScans.app */,
			);
			name = Products;
			sourceTree = "<group>";
		};
		A4000004 /* Models */ = {
			isa = PBXGroup;
			children = (
				F7D8350E2F06EBD700414B32 /* Pet.swift */,
				F7F30C8A2F05B9F4008389D8 /* DatabaseProduct.swift */,
				A2000003 /* Species.swift */,
				A2000004 /* Category.swift */,
				A2000005 /* RuleSeverity.swift */,
				A2000006 /* Ingredient.swift */,
				A2000007 /* Rule.swift */,
				A2000008 /* MatchedIngredient.swift */,
				A2000009 /* ScoreBreakdown.swift */,
				A2000039 /* ScoreBreakdown+ShareText.swift */,
				A2000010 /* ProductInfo.swift */,
				A2000011 /* Scan.swift */,
				A2209611D0D07D48930074C0 /* ProcessingLevel.swift */,
			);
			path = Models;
			sourceTree = "<group>";
		};
		A4000005 /* Data */ = {
			isa = PBXGroup;
			children = (
				A2000029 /* ingredients.json */,
				A2000030 /* rules.json */,
				A2000031 /* synonyms.json */,
			);
			path = Data;
			sourceTree = "<group>";
		};
		A4000006 /* Services */ = {
			isa = PBXGroup;
			children = (
				F79CB1782F12E9B9007B2E84 /* APIKeys.swift */,
				F79CB1822F13000000000001 /* FirecrawlService.swift */,
				F79CB1792F12E9B9007B2E84 /* SerperService.swift */,
				F79CB17A2F12E9B9007B2E84 /* UnwrangleService.swift */,
				F7D835342F089EAB00414B32 /* ScreenshotDataSeeder.swift */,
				F7D835102F06EBEC00414B32 /* PetMigrationService.swift */,
				F7D834FE2F05E6C100414B32 /* OCRService.swift */,
				F7F30C902F05BAA4008389D8 /* ProductCacheManager.swift */,
				F7F30C892F05B9E8008389D8 /* Database */,
				A4000012 /* Protocols */,
				A2000012 /* IngredientDatabase.swift */,
				A2000013 /* IngredientMatcher.swift */,
				A2000014 /* ScoreCalculator.swift */,
				A2000015 /* PetFoodAPIService.swift */,
				0D9F6A7FD304CE13023B1750 /* AppInitializer.swift */,
				300738C9929108D43A916B95 /* UPCitemdbService.swift */,
				68FECA8A6B1BDA9015F11EAE /* IngredientScraperService.swift */,
			);
			path = Services;
			sourceTree = "<group>";
		};
		A4000007 /* Views */ = {
			isa = PBXGroup;
			children = (
				F7D835242F0720A200414B32 /* Onboarding */,
				A4000008 /* Scanner */,
				A4000009 /* History */,
				A4000010 /* Shared */,
				A4000013 /* Settings */,
				B04D76F13AF42C97C3BE08E0 /* SplashView.swift */,
			);
			path = Views;
			sourceTree = "<group>";
		};
		A4000008 /* Scanner */ = {
			isa = PBXGroup;
			children = (
				F7D8351C2F06EC5400414B32 /* PetSelectionRow.swift */,
				F7D835082F06C88B00414B32 /* IngredientRowView.swift */,
				F7D835092F06C88B00414B32 /* IngredientSelectionView.swift */,
				F7D835062F05E70600414B32 /* OCRProcessingView.swift */,
				F7D835042F05E6F900414B32 /* IngredientCameraView.swift */,
				F7D835022F05E6F000414B32 /* ProductNotFoundView.swift */,
				F7F30C782F05AD71008389D8 /* ScanningReticleView.swift */,
				F7OCR0002F09000000000001 /* OCRCameraView.swift */,
				A2000017 /* ScannerView.swift */,
				A2000018 /* BarcodeScannerView.swift */,
				A2000020 /* SpeciesCategoryPicker.swift */,
				A9D45279D1D5F96EB18B555E /* AdvancedSearchView.swift */,
				9184FDAA2F6D13E0D5BE3854 /* AdvancedSearchProgressView.swift */,
			);
			path = Scanner;
			sourceTree = "<group>";
		};
		A4000009 /* History */ = {
			isa = PBXGroup;
			children = (
				A2000022 /* HistoryView.swift */,
				A2000023 /* ScanRowView.swift */,
				A2000024 /* FilterChipsView.swift */,
				F7D835342F07470100414B32 /* SavedScanDetailView.swift */,
			);
			path = History;
			sourceTree = "<group>";
		};
		A4000010 /* Shared */ = {
			isa = PBXGroup;
			children = (
				F7D835382F0AFE3600414B32 /* IngredientSearchSheet.swift */,
				F7D835392F0AFE3600414B32 /* PetFormView.swift */,
				F7AAB0002F0A000000000001 /* AllergenAlertBanner.swift */,
				F7D8352D2F07461100414B32 /* RatingLabelView.swift */,
				F7D8352E2F07461100414B32 /* ScoreExplanationCard.swift */,
				F7D835322F07470000414B32 /* ProductScoreView.swift */,
				A2000026 /* ScoreCircleView.swift */,
				A2000027 /* ScoreBarView.swift */,
				A2000028 /* WarningFlagView.swift */,
				A2000036 /* NetworkErrorView.swift */,
				F7NEW0042F08000000000003 /* EmptyStateView.swift */,
				F7NEW0062F08000000000004 /* ProductImageView.swift */,
				F7NEW0082F08000000000005 /* PetIconView.swift */,
				472BC2B6F7A2F27042E0A689 /* ProcessingBadgeView.swift */,
				343C291F67136C43ACA59482 /* ProcessingSummaryCard.swift */,
				D28D8AF851F5F7D681F2FE81 /* ProcessingInfoSheet.swift */,
				D28D8AF851F5F7D681F2FE82 /* IngredientDetailSheet.swift */,
			);
			path = Shared;
			sourceTree = "<group>";
		};
		A4000011 /* ViewModels */ = {
			isa = PBXGroup;
			children = (
				A2000033 /* ScannerViewModel.swift */,
				A2000034 /* HistoryViewModel.swift */,
				F39C818B4245DD52B539CDB9 /* AdvancedSearchViewModel.swift */,
			);
			path = ViewModels;
			sourceTree = "<group>";
		};
		A4000012 /* Protocols */ = {
			isa = PBXGroup;
			children = (
				F79CB1832F13000000000002 /* FirecrawlServiceProtocol.swift */,
				F79CB17E2F12E9CA007B2E84 /* SerperServiceProtocol.swift */,
				F79CB17F2F12E9CA007B2E84 /* UnwrangleServiceProtocol.swift */,
				F7D835002F05E6D400414B32 /* OCRServiceProtocol.swift */,
				A2000035 /* PetFoodAPIServiceProtocol.swift */,
				E21C06A6EE95EB77A457E3AB /* UPCitemdbServiceProtocol.swift */,
				D1B6314475AA1631DFEE9D9F /* IngredientScraperServiceProtocol.swift */,
			);
			path = Protocols;
			sourceTree = "<group>";
		};
		A4000013 /* Settings */ = {
			isa = PBXGroup;
			children = (
				F7D835182F06EC3C00414B32 /* AddAllergenSheet.swift */,
				F7D835192F06EC3C00414B32 /* AddPetSheet.swift */,
				F7D835162F06EC2600414B32 /* PetDetailView.swift */,
				F7D835142F06EC1400414B32 /* PetRowView.swift */,
				F7D835122F06EC0B00414B32 /* PetListView.swift */,
				F7D8350C2F06DAED00414B32 /* ReferencesView.swift */,
				F7F30C922F05BAC5008389D8 /* CacheSettingsView.swift */,
				A2000037 /* SettingsView.swift */,
			);
			path = Settings;
			sourceTree = "<group>";
		};
		F7D835242F0720A200414B32 /* Onboarding */ = {
			isa = PBXGroup;
			children = (
				F7D835202F0720A200414B32 /* OnboardingBenefitsPage.swift */,
				F7D835212F0720A200414B32 /* OnboardingPetSetupPage.swift */,
				F7D835222F0720A200414B32 /* OnboardingView.swift */,
				F7D835232F0720A200414B32 /* OnboardingWelcomePage.swift */,
			);
			path = Onboarding;
			sourceTree = "<group>";
		};
		F7F30C802F05B208008389D8 /* DesignSystem */ = {
			isa = PBXGroup;
			children = (
				F7F30C7C2F05B208008389D8 /* ColorTokens.swift */,
				F7F30C7D2F05B208008389D8 /* ComponentStyles.swift */,
				F7F30C7E2F05B208008389D8 /* SpacingTokens.swift */,
				F7F30C7F2F05B208008389D8 /* TypographyTokens.swift */,
				293D87520CE50242DDCC5B5B /* AnimationTokens.swift */,
				27ECB2A3B631701DF08EE70E /* CommonAllergens.swift */,
				CA61927221DB7E4DC9CABFBC /* PetScansLogo.swift */,
			);
			path = DesignSystem;
			sourceTree = "<group>";
		};
		F7F30C892F05B9E8008389D8 /* Database */ = {
			isa = PBXGroup;
			children = (
				F7F30C8E2F05BA88008389D8 /* LocalProductDatabase.swift */,
			);
			path = Database;
			sourceTree = "<group>";
		};
		F7NEW00A2F08000000000006 /* Extensions */ = {
			isa = PBXGroup;
			children = (
				F7D8353C2F0B394200414B32 /* View+Keyboard.swift */,
				F7NEW0002F08000000000001 /* String+Validation.swift */,
				F7NEW0022F08000000000002 /* Pet+Formatting.swift */,
			);
			path = Extensions;
			sourceTree = "<group>";
		};
/* End PBXGroup section */

/* Begin PBXNativeTarget section */
		A5000001 /* PetScans */ = {
			isa = PBXNativeTarget;
			buildConfigurationList = A6000003 /* Build configuration list for PBXNativeTarget "PetScans" */;
			buildPhases = (
				A5000002 /* Sources */,
				A3000001 /* Frameworks */,
				A5000003 /* Resources */,
			);
			buildRules = (
			);
			dependencies = (
			);
			name = PetScans;
			productName = PetScans;
			productReference = A0000001 /* PetScans.app */;
			productType = "com.apple.product-type.application";
		};
/* End PBXNativeTarget section */

/* Begin PBXProject section */
		A7000001 /* Project object */ = {
			isa = PBXProject;
			attributes = {
				BuildIndependentTargetsInParallel = 1;
				LastSwiftUpdateCheck = 1500;
				LastUpgradeCheck = 2610;
				TargetAttributes = {
					A5000001 = {
						CreatedOnToolsVersion = 15.0;
					};
				};
			};
			buildConfigurationList = A6000001 /* Build configuration list for PBXProject "PetScans" */;
			compatibilityVersion = "Xcode 14.0";
			developmentRegion = en;
			hasScannedForEncodings = 0;
			knownRegions = (
				en,
				Base,
			);
			mainGroup = A4000001;
			packageReferences = (
				F7A9FEF32F05BDE0000623DA /* XCRemoteSwiftPackageReference "GRDB" */,
				F7D835312F0846B800414B32 /* XCRemoteSwiftPackageReference "Superwall-iOS" */,
			);
			productRefGroup = A4000003 /* Products */;
			projectDirPath = "";
			projectRoot = "";
			targets = (
				A5000001 /* PetScans */,
			);
		};
/* End PBXProject section */

/* Begin PBXResourcesBuildPhase section */
		A5000003 /* Resources */ = {
			isa = PBXResourcesBuildPhase;
			buildActionMask = 2147483647;
			files = (
				F7F30C7B2F05B1D9008389D8 /* Quicksand.ttf in Resources */,
				A1000029 /* ingredients.json in Resources */,
				A1000030 /* rules.json in Resources */,
				A1000031 /* synonyms.json in Resources */,
				F7D8352C2F0724E300414B32 /* Assets.xcassets in Resources */,
			);
			runOnlyForDeploymentPostprocessing = 0;
		};
/* End PBXResourcesBuildPhase section */

/* Begin PBXSourcesBuildPhase section */
		A5000002 /* Sources */ = {
			isa = PBXSourcesBuildPhase;
			buildActionMask = 2147483647;
			files = (
				A1000001 /* PetScansApp.swift in Sources */,
				A1000002 /* ContentView.swift in Sources */,
				A1000003 /* Species.swift in Sources */,
				A1000004 /* Category.swift in Sources */,
				A1000005 /* RuleSeverity.swift in Sources */,
				F7F30C932F05BAC5008389D8 /* CacheSettingsView.swift in Sources */,
				F7D8350A2F06C88B00414B32 /* IngredientSelectionView.swift in Sources */,
				F7D8350B2F06C88B00414B32 /* IngredientRowView.swift in Sources */,
				F7D835132F06EC0B00414B32 /* PetListView.swift in Sources */,
				F7D8353D2F0B394200414B32 /* View+Keyboard.swift in Sources */,
				A1000006 /* Ingredient.swift in Sources */,
				A1000007 /* Rule.swift in Sources */,
				F7D835112F06EBEC00414B32 /* PetMigrationService.swift in Sources */,
				A1000008 /* MatchedIngredient.swift in Sources */,
				F7D835352F089EAB00414B32 /* ScreenshotDataSeeder.swift in Sources */,
				A1000009 /* ScoreBreakdown.swift in Sources */,
				F7D8350D2F06DAED00414B32 /* ReferencesView.swift in Sources */,
				A1000010 /* ProductInfo.swift in Sources */,
				A1000011 /* Scan.swift in Sources */,
				A1000012 /* IngredientDatabase.swift in Sources */,
				A1000013 /* IngredientMatcher.swift in Sources */,
				F7D835072F05E70600414B32 /* OCRProcessingView.swift in Sources */,
				F7F30C812F05B208008389D8 /* SpacingTokens.swift in Sources */,
				F79CB17B2F12E9B9007B2E84 /* UnwrangleService.swift in Sources */,
				F79CB17C2F12E9B9007B2E84 /* SerperService.swift in Sources */,
				F79CB17D2F12E9B9007B2E84 /* APIKeys.swift in Sources */,
				F7D835172F06EC2600414B32 /* PetDetailView.swift in Sources */,
				F7F30C822F05B208008389D8 /* TypographyTokens.swift in Sources */,
				F7F30C832F05B208008389D8 /* ComponentStyles.swift in Sources */,
				F7F30C912F05BAA4008389D8 /* ProductCacheManager.swift in Sources */,
				F7F30C842F05B208008389D8 /* ColorTokens.swift in Sources */,
				A1000014 /* ScoreCalculator.swift in Sources */,
				A1000015 /* PetFoodAPIService.swift in Sources */,
				F7D8352F2F07461100414B32 /* ScoreExplanationCard.swift in Sources */,
				F7D8353A2F0AFE3600414B32 /* PetFormView.swift in Sources */,
				F7D8353B2F0AFE3600414B32 /* IngredientSearchSheet.swift in Sources */,
				F7D835302F07461100414B32 /* RatingLabelView.swift in Sources */,
				F7F30C792F05AD71008389D8 /* ScanningReticleView.swift in Sources */,
				F7D8351A2F06EC3C00414B32 /* AddPetSheet.swift in Sources */,
				F79CB1802F12E9CA007B2E84 /* UnwrangleServiceProtocol.swift in Sources */,
				F79CB1812F12E9CA007B2E84 /* SerperServiceProtocol.swift in Sources */,
				F79CB1842F13000000000001 /* FirecrawlService.swift in Sources */,
				F79CB1852F13000000000002 /* FirecrawlServiceProtocol.swift in Sources */,
				F7D8351B2F06EC3C00414B32 /* AddAllergenSheet.swift in Sources */,
				A1000017 /* ScannerView.swift in Sources */,
				F7F30C8B2F05B9F4008389D8 /* DatabaseProduct.swift in Sources */,
				A1000018 /* BarcodeScannerView.swift in Sources */,
				F7F30C8F2F05BA88008389D8 /* LocalProductDatabase.swift in Sources */,
				A1000020 /* SpeciesCategoryPicker.swift in Sources */,
				F7D834FF2F05E6C100414B32 /* OCRService.swift in Sources */,
				F7D835152F06EC1400414B32 /* PetRowView.swift in Sources */,
				A1000022 /* HistoryView.swift in Sources */,
				A1000023 /* ScanRowView.swift in Sources */,
				F7D8350F2F06EBD700414B32 /* Pet.swift in Sources */,
				A1000024 /* FilterChipsView.swift in Sources */,
				A1000026 /* ScoreCircleView.swift in Sources */,
				A1000027 /* ScoreBarView.swift in Sources */,
				A1000028 /* WarningFlagView.swift in Sources */,
				A1000032 /* ScannerViewModel.swift in Sources */,
				F7D835052F05E6F900414B32 /* IngredientCameraView.swift in Sources */,
				A1000033 /* HistoryViewModel.swift in Sources */,
				A1000034 /* PetFoodAPIServiceProtocol.swift in Sources */,
				F7D835012F05E6D400414B32 /* OCRServiceProtocol.swift in Sources */,
				F7D835032F05E6F000414B32 /* ProductNotFoundView.swift in Sources */,
				A1000035 /* NetworkErrorView.swift in Sources */,
				A1000036 /* SettingsView.swift in Sources */,
				F7D835252F0720A200414B32 /* OnboardingView.swift in Sources */,
				F7D835262F0720A200414B32 /* OnboardingPetSetupPage.swift in Sources */,
				F7D835272F0720A200414B32 /* OnboardingWelcomePage.swift in Sources */,
				F7D835282F0720A200414B32 /* OnboardingBenefitsPage.swift in Sources */,
				F7D8351D2F06EC5400414B32 /* PetSelectionRow.swift in Sources */,
				A1000038 /* ScoreBreakdown+ShareText.swift in Sources */,
				F7D835312F07470000414B32 /* ProductScoreView.swift in Sources */,
				F7D835332F07470100414B32 /* SavedScanDetailView.swift in Sources */,
				F7NEW0012F08000000000001 /* String+Validation.swift in Sources */,
				F7NEW0032F08000000000002 /* Pet+Formatting.swift in Sources */,
				F7NEW0052F08000000000003 /* EmptyStateView.swift in Sources */,
				F7NEW0072F08000000000004 /* ProductImageView.swift in Sources */,
				F7NEW0092F08000000000005 /* PetIconView.swift in Sources */,
				F7OCR0012F09000000000001 /* OCRCameraView.swift in Sources */,
				F7AAB0012F0A000000000001 /* AllergenAlertBanner.swift in Sources */,
				9BE771BD76178F15D9DB6474 /* AnimationTokens.swift in Sources */,
				7ECD2AA005CFB67C760EB07F /* CommonAllergens.swift in Sources */,
				3DE10D00CAA03C961EB5C7C0 /* PetScansLogo.swift in Sources */,
				625089878FA30798B6F88822 /* ProcessingLevel.swift in Sources */,
				5513270F12EF77C8F5AE5252 /* ProcessingBadgeView.swift in Sources */,
				577C264FAA1448E6986DFF9F /* ProcessingSummaryCard.swift in Sources */,
				6352AA7AD2193845951DF7A2 /* ProcessingInfoSheet.swift in Sources */,
				6352AA7AD2193845951DF7A3 /* IngredientDetailSheet.swift in Sources */,
				30252FA513A589765AC98425 /* AppInitializer.swift in Sources */,
				127FCD453E5E16F7CBBE3ED0 /* SplashView.swift in Sources */,
				77485F1DFC27DCA0754D0928 /* UPCitemdbService.swift in Sources */,
				135E1ACBD3D41B016EEB73D0 /* IngredientScraperService.swift in Sources */,
				C1B8BBE32C4CBB75D4652D99 /* UPCitemdbServiceProtocol.swift in Sources */,
				602C8D20121221F8B4A8A614 /* IngredientScraperServiceProtocol.swift in Sources */,
				03881CE4D87C557C1EB9E014 /* AdvancedSearchViewModel.swift in Sources */,
				A236BB49FA9CD3337048CA45 /* AdvancedSearchView.swift in Sources */,
				E5FBC824066D6BB9AE571E70 /* AdvancedSearchProgressView.swift in Sources */,
			);
			runOnlyForDeploymentPostprocessing = 0;
		};
/* End PBXSourcesBuildPhase section */

/* Begin XCBuildConfiguration section */
		A6000004 /* Debug */ = {
			isa = XCBuildConfiguration;
			buildSettings = {
				ALWAYS_SEARCH_USER_PATHS = NO;
				ASSETCATALOG_COMPILER_GENERATE_SWIFT_ASSET_SYMBOL_EXTENSIONS = YES;
				CLANG_ANALYZER_NONNULL = YES;
				CLANG_ANALYZER_NUMBER_OBJECT_CONVERSION = YES_AGGRESSIVE;
				CLANG_CXX_LANGUAGE_STANDARD = "gnu++20";
				CLANG_ENABLE_MODULES = YES;
				CLANG_ENABLE_OBJC_ARC = YES;
				CLANG_ENABLE_OBJC_WEAK = YES;
				CLANG_WARN_BLOCK_CAPTURE_AUTORELEASING = YES;
				CLANG_WARN_BOOL_CONVERSION = YES;
				CLANG_WARN_COMMA = YES;
				CLANG_WARN_CONSTANT_CONVERSION = YES;
				CLANG_WARN_DEPRECATED_OBJC_IMPLEMENTATIONS = YES;
				CLANG_WARN_DIRECT_OBJC_ISA_USAGE = YES_ERROR;
				CLANG_WARN_DOCUMENTATION_COMMENTS = YES;
				CLANG_WARN_EMPTY_BODY = YES;
				CLANG_WARN_ENUM_CONVERSION = YES;
				CLANG_WARN_INFINITE_RECURSION = YES;
				CLANG_WARN_INT_CONVERSION = YES;
				CLANG_WARN_NON_LITERAL_NULL_CONVERSION = YES;
				CLANG_WARN_OBJC_IMPLICIT_RETAIN_SELF = YES;
				CLANG_WARN_OBJC_LITERAL_CONVERSION = YES;
				CLANG_WARN_OBJC_ROOT_CLASS = YES_ERROR;
				CLANG_WARN_QUOTED_INCLUDE_IN_FRAMEWORK_HEADER = YES;
				CLANG_WARN_RANGE_LOOP_ANALYSIS = YES;
				CLANG_WARN_STRICT_PROTOTYPES = YES;
				CLANG_WARN_SUSPICIOUS_MOVE = YES;
				CLANG_WARN_UNGUARDED_AVAILABILITY = YES_AGGRESSIVE;
				CLANG_WARN_UNREACHABLE_CODE = YES;
				CLANG_WARN__DUPLICATE_METHOD_MATCH = YES;
				COPY_PHASE_STRIP = NO;
				DEBUG_INFORMATION_FORMAT = dwarf;
				DEVELOPMENT_TEAM = 2Q87Z7RM4V;
				ENABLE_STRICT_OBJC_MSGSEND = YES;
				ENABLE_TESTABILITY = YES;
				ENABLE_USER_SCRIPT_SANDBOXING = YES;
				GCC_C_LANGUAGE_STANDARD = gnu17;
				GCC_DYNAMIC_NO_PIC = NO;
				GCC_NO_COMMON_BLOCKS = YES;
				GCC_OPTIMIZATION_LEVEL = 0;
				GCC_PREPROCESSOR_DEFINITIONS = (
					"DEBUG=1",
					"$(inherited)",
				);
				GCC_WARN_64_TO_32_BIT_CONVERSION = YES;
				GCC_WARN_ABOUT_RETURN_TYPE = YES_ERROR;
				GCC_WARN_UNDECLARED_SELECTOR = YES;
				GCC_WARN_UNINITIALIZED_AUTOS = YES_AGGRESSIVE;
				GCC_WARN_UNUSED_FUNCTION = YES;
				GCC_WARN_UNUSED_VARIABLE = YES;
				IPHONEOS_DEPLOYMENT_TARGET = 17.0;
				LOCALIZATION_PREFERS_STRING_CATALOGS = YES;
				MTL_ENABLE_DEBUG_INFO = INCLUDE_SOURCE;
				MTL_FAST_MATH = YES;
				ONLY_ACTIVE_ARCH = YES;
				SDKROOT = iphoneos;
				STRING_CATALOG_GENERATE_SYMBOLS = YES;
				SWIFT_ACTIVE_COMPILATION_CONDITIONS = "DEBUG $(inherited)";
				SWIFT_OPTIMIZATION_LEVEL = "-Onone";
			};
			name = Debug;
		};
		A6000005 /* Release */ = {
			isa = XCBuildConfiguration;
			buildSettings = {
				ALWAYS_SEARCH_USER_PATHS = NO;
				ASSETCATALOG_COMPILER_GENERATE_SWIFT_ASSET_SYMBOL_EXTENSIONS = YES;
				CLANG_ANALYZER_NONNULL = YES;
				CLANG_ANALYZER_NUMBER_OBJECT_CONVERSION = YES_AGGRESSIVE;
				CLANG_CXX_LANGUAGE_STANDARD = "gnu++20";
				CLANG_ENABLE_MODULES = YES;
				CLANG_ENABLE_OBJC_ARC = YES;
				CLANG_ENABLE_OBJC_WEAK = YES;
				CLANG_WARN_BLOCK_CAPTURE_AUTORELEASING = YES;
				CLANG_WARN_BOOL_CONVERSION = YES;
				CLANG_WARN_COMMA = YES;
				CLANG_WARN_CONSTANT_CONVERSION = YES;
				CLANG_WARN_DEPRECATED_OBJC_IMPLEMENTATIONS = YES;
				CLANG_WARN_DIRECT_OBJC_ISA_USAGE = YES_ERROR;
				CLANG_WARN_DOCUMENTATION_COMMENTS = YES;
				CLANG_WARN_EMPTY_BODY = YES;
				CLANG_WARN_ENUM_CONVERSION = YES;
				CLANG_WARN_INFINITE_RECURSION = YES;
				CLANG_WARN_INT_CONVERSION = YES;
				CLANG_WARN_NON_LITERAL_NULL_CONVERSION = YES;
				CLANG_WARN_OBJC_IMPLICIT_RETAIN_SELF = YES;
				CLANG_WARN_OBJC_LITERAL_CONVERSION = YES;
				CLANG_WARN_OBJC_ROOT_CLASS = YES_ERROR;
				CLANG_WARN_QUOTED_INCLUDE_IN_FRAMEWORK_HEADER = YES;
				CLANG_WARN_RANGE_LOOP_ANALYSIS = YES;
				CLANG_WARN_STRICT_PROTOTYPES = YES;
				CLANG_WARN_SUSPICIOUS_MOVE = YES;
				CLANG_WARN_UNGUARDED_AVAILABILITY = YES_AGGRESSIVE;
				CLANG_WARN_UNREACHABLE_CODE = YES;
				CLANG_WARN__DUPLICATE_METHOD_MATCH = YES;
				COPY_PHASE_STRIP = NO;
				DEBUG_INFORMATION_FORMAT = "dwarf-with-dsym";
				DEVELOPMENT_TEAM = 2Q87Z7RM4V;
				ENABLE_NS_ASSERTIONS = NO;
				ENABLE_STRICT_OBJC_MSGSEND = YES;
				ENABLE_USER_SCRIPT_SANDBOXING = YES;
				GCC_C_LANGUAGE_STANDARD = gnu17;
				GCC_NO_COMMON_BLOCKS = YES;
				GCC_WARN_64_TO_32_BIT_CONVERSION = YES;
				GCC_WARN_ABOUT_RETURN_TYPE = YES_ERROR;
				GCC_WARN_UNDECLARED_SELECTOR = YES;
				GCC_WARN_UNINITIALIZED_AUTOS = YES_AGGRESSIVE;
				GCC_WARN_UNUSED_FUNCTION = YES;
				GCC_WARN_UNUSED_VARIABLE = YES;
				IPHONEOS_DEPLOYMENT_TARGET = 17.0;
				LOCALIZATION_PREFERS_STRING_CATALOGS = YES;
				MTL_ENABLE_DEBUG_INFO = NO;
				MTL_FAST_MATH = YES;
				SDKROOT = iphoneos;
				STRING_CATALOG_GENERATE_SYMBOLS = YES;
				SWIFT_COMPILATION_MODE = wholemodule;
				VALIDATE_PRODUCT = YES;
			};
			name = Release;
		};
		A6000006 /* Debug */ = {
			isa = XCBuildConfiguration;
			buildSettings = {
				ASSETCATALOG_COMPILER_APPICON_NAME = AppIcon;
				CODE_SIGN_STYLE = Automatic;
				CURRENT_PROJECT_VERSION = 1;
				DEVELOPMENT_ASSET_PATHS = "";
				ENABLE_PREVIEWS = YES;
				GENERATE_INFOPLIST_FILE = YES;
				INFOPLIST_FILE = PetScans/Info.plist;
				INFOPLIST_KEY_NSCameraUsageDescription = "PetScans needs camera access to scan product barcodes";
				INFOPLIST_KEY_UIApplicationSceneManifest_Generation = YES;
				INFOPLIST_KEY_UIApplicationSupportsIndirectInputEvents = YES;
				INFOPLIST_KEY_UILaunchScreen_Generation = YES;
				INFOPLIST_KEY_UISupportedInterfaceOrientations = UIInterfaceOrientationPortrait;
				INFOPLIST_KEY_UISupportedInterfaceOrientations_iPad = "UIInterfaceOrientationLandscapeLeft UIInterfaceOrientationLandscapeRight UIInterfaceOrientationPortrait UIInterfaceOrientationPortraitUpsideDown";
				LD_RUNPATH_SEARCH_PATHS = (
					"$(inherited)",
					"@executable_path/Frameworks",
				);
				MARKETING_VERSION = 1.0;
				PRODUCT_BUNDLE_IDENTIFIER = com.petscans.app;
				PRODUCT_NAME = "$(TARGET_NAME)";
				SWIFT_EMIT_LOC_STRINGS = YES;
				SWIFT_VERSION = 5.0;
				TARGETED_DEVICE_FAMILY = 1;
			};
			name = Debug;
		};
		A6000007 /* Release */ = {
			isa = XCBuildConfiguration;
			buildSettings = {
				ASSETCATALOG_COMPILER_APPICON_NAME = AppIcon;
				CODE_SIGN_STYLE = Automatic;
				CURRENT_PROJECT_VERSION = 1;
				DEVELOPMENT_ASSET_PATHS = "";
				ENABLE_PREVIEWS = YES;
				GENERATE_INFOPLIST_FILE = YES;
				INFOPLIST_FILE = PetScans/Info.plist;
				INFOPLIST_KEY_NSCameraUsageDescription = "PetScans needs camera access to scan product barcodes";
				INFOPLIST_KEY_UIApplicationSceneManifest_Generation = YES;
				INFOPLIST_KEY_UIApplicationSupportsIndirectInputEvents = YES;
				INFOPLIST_KEY_UILaunchScreen_Generation = YES;
				INFOPLIST_KEY_UISupportedInterfaceOrientations = UIInterfaceOrientationPortrait;
				INFOPLIST_KEY_UISupportedInterfaceOrientations_iPad = "UIInterfaceOrientationLandscapeLeft UIInterfaceOrientationLandscapeRight UIInterfaceOrientationPortrait UIInterfaceOrientationPortraitUpsideDown";
				LD_RUNPATH_SEARCH_PATHS = (
					"$(inherited)",
					"@executable_path/Frameworks",
				);
				MARKETING_VERSION = 1.0;
				PRODUCT_BUNDLE_IDENTIFIER = com.petscans.app;
				PRODUCT_NAME = "$(TARGET_NAME)";
				SWIFT_EMIT_LOC_STRINGS = YES;
				SWIFT_VERSION = 5.0;
				TARGETED_DEVICE_FAMILY = 1;
			};
			name = Release;
		};
/* End XCBuildConfiguration section */

/* Begin XCConfigurationList section */
		A6000001 /* Build configuration list for PBXProject "PetScans" */ = {
			isa = XCConfigurationList;
			buildConfigurations = (
				A6000004 /* Debug */,
				A6000005 /* Release */,
			);
			defaultConfigurationIsVisible = 0;
			defaultConfigurationName = Release;
		};
		A6000003 /* Build configuration list for PBXNativeTarget "PetScans" */ = {
			isa = XCConfigurationList;
			buildConfigurations = (
				A6000006 /* Debug */,
				A6000007 /* Release */,
			);
			defaultConfigurationIsVisible = 0;
			defaultConfigurationName = Release;
		};
/* End XCConfigurationList section */

/* Begin XCRemoteSwiftPackageReference section */
		F7A9FEF32F05BDE0000623DA /* XCRemoteSwiftPackageReference "GRDB" */ = {
			isa = XCRemoteSwiftPackageReference;
			repositoryURL = "https://github.com/groue/GRDB.swift";
			requirement = {
				kind = upToNextMajorVersion;
				minimumVersion = 6.0.0;
			};
		};
		F7D835312F0846B800414B32 /* XCRemoteSwiftPackageReference "Superwall-iOS" */ = {
			isa = XCRemoteSwiftPackageReference;
			repositoryURL = "https://github.com/superwall/Superwall-iOS";
			requirement = {
				kind = upToNextMajorVersion;
				minimumVersion = 4.0.0;
			};
		};
/* End XCRemoteSwiftPackageReference section */

/* Begin XCSwiftPackageProductDependency section */
		F7A9FEF42F05BDE0000623DA /* GRDB */ = {
			isa = XCSwiftPackageProductDependency;
			package = F7A9FEF32F05BDE0000623DA /* XCRemoteSwiftPackageReference "GRDB" */;
			productName = GRDB;
		};
		F7D835322F0846B800414B32 /* SuperwallKit */ = {
			isa = XCSwiftPackageProductDependency;
			package = F7D835312F0846B800414B32 /* XCRemoteSwiftPackageReference "Superwall-iOS" */;
			productName = SuperwallKit;
		};
/* End XCSwiftPackageProductDependency section */
	};
	rootObject = A7000001 /* Project object */;
}
